version = 1
revision = 3
requires-python = ">=3.11"

[[package]]
name = "annotated-doc"
version = "0.0.5"
source = { registry = "https://pypi.org/simple" }
sdist = { url = "https://files.pythonhosted.org/packages/5a/8e/38aa427ed5402449e226975b649c5dc73ccadfefeb95e6aecb8f8ea4b6b6/annotated_doc-0.0.5.tar.gz", hash = "sha256:c7e58ce09192557605d8bbd92836d7e1d520ac9580096042c0bfd197efacf1bb", size = 10758, upload-time = "2026-07-28T13:50:58.129Z" }
wheels = [
    { url = "https://files.pythonhosted.org/packages/3e/30/e900b21425a860e195f32e37657aa1f7c7f2b1bfb26f03ca209b90933c06/annotated_doc-0.0.5-py3-none-any.whl", hash = "sha256:117bac03a25ede5df5440e855b32d556049ca169ead221505badf432fed4b101", size = 5302, upload-time = "2026-07-28T13:50:57.239Z" },
]

[[package]]
name = "ckdl"
version = "1.0"
source = { registry = "https://pypi.org/simple" }
sdist = { url = "https://files.pythonhosted.org/packages/4c/20/8de5ece1f086f96bd6fde5e05c49efb4f725ff6bf060ae24507d6d99ab7a/ckdl-1.0.tar.gz", hash = "sha256:e37546ea9cfe12ed0033c9a03833c0405409d9209802d728755f978dd025eacb", size = 93438, upload-time = "2024-12-21T19:43:22.91Z" }
wheels = [
    { url = "https://files.pythonhosted.org/packages/04/2c/1db554a8194263611834062a81d7353a7ddbbd4c545c8a8f7c3bae446655/ckdl-1.0-cp311-cp311-macosx_10_9_x86_64.whl", hash = "sha256:2dd55a45558b80434d7d52055b009519e76e3044041863d5dc08450e168fa61e", size = 114406, upload-time = "2024-12-21T19:41:31.837Z" },
    { url = "https://files.pythonhosted.org/packages/13/68/b12ae682ada2fcb6450c078ede69b5988c24c8b404e6a4de2742d324e6a3/ckdl-1.0-cp311-cp311-macosx_11_0_arm64.whl", hash = "sha256:5c88608114d2c204095ebd077d226b372c6e4c029bd3787cc2f501272d5490e2", size = 105555, upload-time = "2024-12-21T19:41:34.339Z" },
    { url = "https://files.pythonhosted.org/packages/d8/25/f1251c709f64ba133e69e29b989f088d5a2d344146de4ad6d92c0ab94247/ckdl-1.0-cp311-cp311-manylinux2014_aarch64.manylinux_2_17_aarch64.manylinux_2_28_aarch64.whl", hash = "sha256:b584c8cf9a4514d544434f9f5137b5b17e627f4f37936bc84e0c23e4521efa76", size = 105472, upload-time = "2025-11-07T20:15:41.46Z" },
    { url = "https://files.pythonhosted.org/packages/c7/91/7e7ce0250a1260e96804bfb2d47ad56bb4b981d38d9cfff6f5d2dca3ccf6/ckdl-1.0-cp311-cp311-manylinux2014_x86_64.manylinux_2_17_x86_64.manylinux_2_28_x86_64.whl", hash = "sha256:00d1dde1a24f4fbd460657df851866366ad18867c893fdc1123ee8aa9c7a7daa", size = 110646, upload-time = "2025-11-07T20:15:42.76Z" },
    { url = "https://files.pythonhosted.org/packages/2b/54/1f5a8045c77f419fe9657dc156ebbc464587f5579df0e2fef085b7479383/ckdl-1.0-cp311-cp311-manylinux_2_17_x86_64.manylinux2014_x86_64.whl", hash = "sha256:9fde696a62ab7db7935db89bd8e3396dea10f2edc5b759bd68d920557c97c663", size = 137239, upload-time = "2024-12-21T19:41:36.882Z" },
    { url = "https://files.pythonhosted.org/packages/f7/ca/cc951f2a24f867ca299d22b79ab2bf6b2b1ea1c6fb2b962c5fc25e29b962/ckdl-1.0-cp311-cp311-manylinux_2_5_i686.manylinux1_i686.manylinux_2_17_i686.manylinux2014_i686.whl", hash = "sha256:c227a8f8fe2ea537feeadb2740d73485e6940386b7e6444cae1cec615de4446a", size = 141996, upload-time = "2024-12-21T19:41:39.629Z" },
    { url = "https://files.pythonhosted.org/packages/c5/0c/5ac32aa0b4fcd82eb2c4817ce7944f19cf0cafcb04c9f23b82da4ebd75c6/ckdl-1.0-cp311-cp311-musllinux_1_2_aarch64.whl", hash = "sha256:e6a96ca254650ae716f1213f4f42b1ef12eec1e063807781854396860d4ca2b7", size = 107119, upload-time = "2025-11-07T20:15:43.912Z" },
    { url = "https://files.pythonhosted.org/packages/ce/c1/a6883e1d0319df1c63209fca92b96b58968a6189b4fe095cf81c90eec0bf/ckdl-1.0-cp311-cp311-musllinux_1_2_i686.whl", hash = "sha256:be3c1bf77a26347f2cb9516a0ccfba7157b15df8af2d0409653c6b29833da3eb", size = 146213, upload-time = "2024-12-21T19:41:41.192Z" },
    { url = "https://files.pythonhosted.org/packages/2f/03/53976b2fc04e0c567e3dbf0fe50be0032e6b93a48fd30d419085c2adfc82/ckdl-1.0-cp311-cp311-musllinux_1_2_x86_64.whl", hash = "sha256:87effb4933b1b2e032a0abbbaffb73be9c3b3921594fcf9815bc0902693ebf7c", size = 139274, upload-time = "2024-12-21T19:41:42.506Z" },
    { url = "https://files.pythonhosted.org/packages/0c/b8/eb74e2290e8aaa7ffc14abe00fc70092f0b623deb3f2cb401b5f47028e67/ckdl-1.0-cp311-cp311-win32.whl", hash = "sha256:a4f803268bae3fb17293fcd3374d0fb757909e71d0a96b8f877066026abcf894", size = 92143, upload-time = "2024-12-21T19:41:43.811Z" },
    { url = "https://files.pythonhosted.org/packages/bd/80/aa26c95a89824377cdb7f00a1b6dedead02f91eef4d735e699bdbaec9594/ckdl-1.0-cp311-cp311-win_amd64.whl", hash = "sha256:bca9808a366aeb0750731c07918e0381d439a626f10be6222d4b1c4f3ddb3d96", size = 106669, upload-time = "2024-12-21T19:41:45.146Z" },
    { url = "https://files.pythonhosted.org/packages/8c/0b/ab64f3e78eb66d476a91870d6dd20c166ef43586b79cc610e2e7b5811c86/ckdl-1.0-cp311-cp311-win_arm64.whl", hash = "sha256:408b4fe1d89fb966eec276156a509c4056d0a96c6b57083e999a549d3a4430c7", size = 77099, upload-time = "2025-11-07T20:15:45.36Z" },
    { url = "https://files.pythonhosted.org/packages/ce/9f/912ed9e35f9f5117996bfc83a6fb3ff022a81c79bccd85745ae239912a27/ckdl-1.0-cp312-cp312-macosx_10_13_x86_64.whl", hash = "sha256:6242d0b7f83c64de5e7979d522cebef29ff233d0b1ed3de606e822a3c373cf6c", size = 114577, upload-time = "2024-12-21T19:41:47.679Z" },
    { url = "https://files.pythonhosted.org/packages/35/ca/6a17a6a1c48f9cfdfe32cccf7132103ccd5c839ac18f865aeee2b14c2722/ckdl-1.0-cp312-cp312-macosx_11_0_arm64.whl", hash = "sha256:6727bed18e0acbdb40d4906bd1aa784de88686135eea908c33c86b40a6542728", size = 105860, upload-time = "2024-12-21T19:41:49.123Z" },
    { url = "https://files.pythonhosted.org/packages/52/40/591a4f69584503ba933421a780085d17c78c05a7e416611588b0000c08f7/ckdl-1.0-cp312-cp312-manylinux2014_aarch64.manylinux_2_17_aarch64.manylinux_2_28_aarch64.whl", hash = "sha256:5f8d4e40c321b17a5d7f8d62f511bc81daf22f3c0184c9e6fd5fa1906376d5ba", size = 101701, upload-time = "2025-11-07T20:15:46.457Z" },
    { url = "https://files.pythonhosted.org/packages/77/aa/5a42e68eebd72810312e700c7a0605ee7f1dc38ac04fd99a515e5e6ddbe9/ckdl-1.0-cp312-cp312-manylinux2014_x86_64.manylinux_2_17_x86_64.manylinux_2_28_x86_64.whl", hash = "sha256:f00c221e3f810e66831631824b95f0aa9a98c510f93a8d20a868d1b81019f3a1", size = 107502, upload-time = "2025-11-07T20:15:48.058Z" },
    { url = "https://files.pythonhosted.org/packages/a3/c4/82706d09e2360a5755866f78aeeb0abb01b65892d7fb84e8d62d26072510/ckdl-1.0-cp312-cp312-manylinux_2_17_x86_64.manylinux2014_x86_64.whl", hash = "sha256:22c9c2fd1f988cf5a18566e1cdb4681b46e88e449d043941a4d09e62616a56c2", size = 132331, upload-time = "2024-12-21T19:41:53.193Z" },
    { url = "https://files.pythonhosted.org/packages/15/ba/f7ea2de8a4970a3c500cdc02060365beaee7522d89c74ff49258832b1f8b/ckdl-1.0-cp312-cp312-manylinux_2_5_i686.manylinux1_i686.manylinux_2_17_i686.manylinux2014_i686.whl", hash = "sha256:c8bdac99986b8a9ca26237ccddd8bbd2fd5c4f3f70caf63d5b71f5bec3fa6ba1", size = 141460, upload-time = "2024-12-21T19:41:55.667Z" },
    { url = "https://files.pythonhosted.org/packages/e6/b3/b5c87c1571168307e10a50d301ed07a03f64361727bc1a6aae59acc0987e/ckdl-1.0-cp312-cp312-musllinux_1_2_aarch64.whl", hash = "sha256:3d80cbc41d34fcf88e5b833b5104efde87b1b4134612b5c4404bd07b2275a3af", size = 103192, upload-time = "2025-11-07T20:15:49.483Z" },
    { url = "https://files.pythonhosted.org/packages/5b/59/12cbd5cb44e50e994da2d00949e907646d94d2cb918041a5fdfe76e6dc8b/ckdl-1.0-cp312-cp312-musllinux_1_2_i686.whl", hash = "sha256:5f395c6c9f7d023024c1c06f567009f1f6456121ade277a3fb812530c5cd83e7", size = 141544, upload-time = "2024-12-21T19:41:58.211Z" },
    { url = "https://files.pythonhosted.org/packages/a0/b0/e993528ece17f2c35d4c6b1de0323860655dcdd7bf4c9ee2497f368cb42e/ckdl-1.0-cp312-cp312-musllinux_1_2_x86_64.whl", hash = "sha256:9c0820a7a0b93297700b1e6bfb966c00774e3510db57adaac99c1a5e2907156c", size = 133745, upload-time = "2024-12-21T19:41:59.537Z" },
    { url = "https://files.pythonhosted.org/packages/f8/ed/2298e46711907d540a4390745b3930f7d6b70e8a890a6234e168acce171c/ckdl-1.0-cp312-cp312-win32.whl", hash = "sha256:f29d5983b4d3d5e7fa4620ecc02ded52a58810021b0907d772b549432eab1725", size = 89365, upload-time = "2024-12-21T19:42:00.811Z" },
    { url = "https://files.pythonhosted.org/packages/21/fd/2bf63fa6bd27e478c39a07c6e4e229d77114e5dadcf739e660526ac4a67b/ckdl-1.0-cp312-cp312-win_amd64.whl", hash = "sha256:bcf373877f51ad89beb0ce17abd916b89f08a5e80900ebbdf50fc17501c69b2e", size = 104291, upload-time = "2024-12-21T19:42:02.155Z" },
    { url = "https://files.pythonhosted.org/packages/8c/1b/d3b17c32b41aff09842baee3f6e1e3a13375b4889585843a51436b88d5d0/ckdl-1.0-cp312-cp312-win_arm64.whl", hash = "sha256:31f0eb91a59ee7612a30c9f5805b9b6481c76d93ea79d2ce79c9a0b2e0f56988", size = 75535, upload-time = "2025-11-07T20:15:50.893Z" },
    { url = "https://files.pythonhosted.org/packages/2e/84/1126be26aa8b6ae73eb3e89972c18eb339500d1b7a8ad8a8fbcf8ce80247/ckdl-1.0-cp313-cp313-macosx_10_13_x86_64.whl", hash = "sha256:dbf171e80cb3ba4c78c43b41913054c36a50645b48278426df7123244f8129a8", size = 112621, upload-time = "2024-12-21T19:42:04.246Z" },
    { url = "https://files.pythonhosted.org/packages/eb/bc/436070148e6f40befb7fdc1901349e4942b92177dc9860e49e7ed360aefb/ckdl-1.0-cp313-cp313-macosx_11_0_arm64.whl", hash = "sha256:7546cee3f6ab1edd0c28a7160a7b07f72943e3e781daa0f96214d4a948c5c5aa", size = 104718, upload-time = "2024-12-21T19:42:06.807Z" },
    { url = "https://files.pythonhosted.org/packages/44/94/8a82d149eab7d84523996680bbdec67aa99b979264beae610a27031eff0e/ckdl-1.0-cp313-cp313-manylinux2014_aarch64.manylinux_2_17_aarch64.manylinux_2_28_aarch64.whl", hash = "sha256:3d7a260ba0ec4997283eeb24c105943bc5d6d8356dfaa16e8afa92b863cf843b", size = 101524, upload-time = "2025-11-07T20:15:51.976Z" },
    { url = "https://files.pythonhosted.org/packages/08/46/41c2785511257f8df84a07c00182a1d10ba7868b5333dbff302d14b83eb5/ckdl-1.0-cp313-cp313-manylinux2014_x86_64.manylinux_2_17_x86_64.manylinux_2_28_x86_64.whl", hash = "sha256:f0db90c16da04ab5a1b2ae9101903ddd3e16d94e8ba7eb360224bb12013c2622", size = 107351, upload-time = "2025-11-07T20:15:53.108Z" },
    { url = "https://files.pythonhosted.org/packages/43/52/73d6dd877d3591dad1d0f78d29ebd7de41bb5f5258599093a55b079de377/ckdl-1.0-cp313-cp313-manylinux_2_17_x86_64.manylinux2014_x86_64.whl", hash = "sha256:6d1680b2d0a20704a52b02e02146c4f9e0b250747e6260f8b95e1f612c11f333", size = 133387, upload-time = "2024-12-21T19:42:09.343Z" },
    { url = "https://files.pythonhosted.org/packages/6a/bb/bd0ec0b14f7ea44bbaf58511f52681826ad9885558d4624f577bc8f724f9/ckdl-1.0-cp313-cp313-manylinux_2_5_i686.manylinux1_i686.manylinux_2_17_i686.manylinux2014_i686.whl", hash = "sha256:5b84102837be3cd78b9301bde2780ee8e400db323666d9d13a24d6fa34884340", size = 140320, upload-time = "2024-12-21T19:42:11.796Z" },
    { url = "https://files.pythonhosted.org/packages/71/64/a78f3c927f0e7b3b54af3830fba46aebe97ea976af7cb0e90dc53e95cc05/ckdl-1.0-cp313-cp313-musllinux_1_2_aarch64.whl", hash = "sha256:8faa16ba4871a0a5cc8139c8373a018487936f6277569147ef81d29a4f859d16", size = 103347, upload-time = "2025-11-07T20:15:54.231Z" },
    { url = "https://files.pythonhosted.org/packages/6a/5d/7d3e9cfa2739904a60ba13a3eec75a1e3dc846163835ddbc4f8e4999cb33/ckdl-1.0-cp313-cp313-musllinux_1_2_i686.whl", hash = "sha256:738598cba5c13f30fd1f892c4652e5180aa09b4895a8bc33bc76cc2a3663e642", size = 141465, upload-time = "2024-12-21T19:42:13.269Z" },
    { url = "https://files.pythonhosted.org/packages/85/7f/566f6c421e0729c1e32473960aa1dda718270cab5207974bf03bb95b038a/ckdl-1.0-cp313-cp313-musllinux_1_2_x86_64.whl", hash = "sha256:da67f139b70439f0012aa66d2cc225cd226656957a068f77db602b5b628cb55f", size = 133591, upload-time = "2024-12-21T19:42:14.577Z" },
    { url = "https://files.pythonhosted.org/packages/c3/37/b0da0b7e8bddcb4099f8b0ac7314210c77b584729001fd1e68033a0405fa/ckdl-1.0-cp313-cp313-win32.whl", hash = "sha256:21b0c8ddffafb11cdc48fd99cc20e632ab3dadb1842db55821328b8fd757d49e", size = 89435, upload-time = "2024-12-21T19:42:16.976Z" },
    { url = "https://files.pythonhosted.org/packages/26/b6/bfaae4f465b942d6f978a4ed555118d160cc493c805f2bc2cf63a463df29/ckdl-1.0-cp313-cp313-win_amd64.whl", hash = "sha256:fe64d62943a26260b4892a5803403e374bb926561feee34cbe3f112f1a64f78d", size = 104300, upload-time = "2024-12-21T19:42:19.518Z" },
    { url = "https://files.pythonhosted.org/packages/3f/4b/d765e52603be7b2a2e72bc10e5a1f869a68371e58e9f81e70f89aa51583b/ckdl-1.0-cp313-cp313-win_arm64.whl", hash = "sha256:c55a370c7159a01d124f21d87da88ac0db580e11423f16104802eb0e4e028a2b", size = 75114, upload-time = "2025-11-07T20:15:55.456Z" },
    { url = "https://files.pythonhosted.org/packages/2a/e0/70f51b2e8ef33512a2e96b17a2d1bb0e48ee9ebcc33aab308c2da816d1d5/ckdl-1.0-cp314-cp314-macosx_10_15_x86_64.whl", hash = "sha256:c682594b27f585a2f453244db0f60d74385444a86d600f8e77222da6ca7ca622", size = 93958, upload-time = "2025-11-07T20:15:56.822Z" },
    { url = "https://files.pythonhosted.org/packages/ae/40/01d56949873271bbaeec96e5e06fcce7f19e42728ba2aa0daccd2c950e89/ckdl-1.0-cp314-cp314-macosx_11_0_arm64.whl", hash = "sha256:b9951429285b9d0a55876f22031bb92d197a4f21f0cc639e29848a13f47965d4", size = 84748, upload-time = "2025-11-07T20:15:57.947Z" },
    { url = "https://files.pythonhosted.org/packages/37/87/c0a2a5712435bc020c7c111ae8c41da80762cc6057847a39d8aff449104c/ckdl-1.0-cp314-cp314-manylinux2014_aarch64.manylinux_2_17_aarch64.manylinux_2_28_aarch64.whl", hash = "sha256:29d13057e7f9c9079e7a02797310dde57c4112aeb0327033cd63c71c5990f0bf", size = 103106, upload-time = "2025-11-07T20:15:59.022Z" },
    { url = "https://files.pythonhosted.org/packages/60/da/4b4e9dec43eb87463bcd2e334091c802a3f07ac759bb9aa089695c608a87/ckdl-1.0-cp314-cp314-manylinux2014_x86_64.manylinux_2_17_x86_64.manylinux_2_28_x86_64.whl", hash = "sha256:6f1f2bfe641e7a7c5d53124430d410c79e2f57775fc2cf3bf5ea07fe621a5570", size = 108337, upload-time = "2025-11-07T20:16:00.157Z" },
    { url = "https://files.pythonhosted.org/packages/14/55/c0eec3230db8038c176301d22d3385f0ee4742a34f90330b92865dcd7e65/ckdl-1.0-cp314-cp314-musllinux_1_2_aarch64.whl", hash = "sha256:5e46eb7c5a39ee396000514584cc2a241dcff0f99a366082697c72e06c757b88", size = 105019, upload-time = "2025-11-07T20:16:01.291Z" },
    { url = "https://files.pythonhosted.org/packages/2f/81/7f42907f46638efb51a468492112ffdaa5de8d0047e90721f5ae2d24c719/ckdl-1.0-cp314-cp314-musllinux_1_2_x86_64.whl", hash = "sha256:ab3ec80c15253d8f947c282d9ee3771e160c2ccc88ab4a57acd0d88337b5c701", size = 109417, upload-time = "2025-11-07T20:16:04.223Z" },
    { url = "https://files.pythonhosted.org/packages/31/b3/b2dca1583e7a415310003b554c014a357e3e65179610483aadd0a9514079/ckdl-1.0-cp314-cp314-win32.whl", hash = "sha256:ef7c9758c2762ab79f338712e11a28397765711f5b7535133c4670b99161c4eb", size = 74053, upload-time = "2025-11-07T20:16:05.218Z" },
    { url = "https://files.pythonhosted.org/packages/fa/7e/01603230ebcdeed57ae316b4a6d7ea3067ab16b3b0f7a905cc7829272458/ckdl-1.0-cp314-cp314-win_amd64.whl", hash = "sha256:ceb54df2d1dd26d7120989188b9ea81d194daf1e4ec9fbbb0727764d488663fd", size = 87423, upload-time = "2025-11-07T20:16:06.681Z" },
    { url = "https://files.pythonhosted.org/packages/28/04/bffaeb72bea273d91dd0c167b679486f2893a50f289c28a9b15ce3a0b58c/ckdl-1.0-cp314-cp314-win_arm64.whl", hash = "sha256:8f50917d36d1c5a4554aa4b66bd3f1a76c557a231290a38fc247dddb68ecb376", size = 78389, upload-time = "2025-11-07T20:16:07.719Z" },
]

[[package]]
name = "click"
version = "8.5.0"
source = { registry = "https://pypi.org/simple" }
sdist = { url = "https://files.pythonhosted.org/packages/c7/0e/7fa0ef50764b67090eca4114772a2abf8b6148198475e54c660b97caeee6/click-8.5.0.tar.gz", hash = "sha256:ba0d2089de75ea0310e2dde03160e6ca10009947fb95a182f9b54021bb272e34", size = 382235, upload-time = "2026-08-26T13:33:14.56Z" }
wheels = [
    { url = "https://files.pythonhosted.org/packages/58/50/6c0d534c5f134586a8e1ba4e330569e32f057e33372ae556463212fb4cd3/click-8.5.0-py3-none-any.whl", hash = "sha256:255bc9599cf7748b4b1a446ccc735421bd08a2ae529a8b88597d3de5664ee360", size = 125251, upload-time = "2026-08-26T13:33:12.928Z" },
]

[[package]]
name = "colorama"
version = "0.4.6"
source = { registry = "https://pypi.org/simple" }
sdist = { url = "https://files.pythonhosted.org/packages/d8/53/6f443c9a4a8358a93a6792e2acffb9d9d5cb0a5cfd8802644b7b1c9a02e4/colorama-0.4.6.tar.gz", hash = "sha256:08695f5cb7ed6e0531a20572697297273c47b8cae5a63ffc6d6ed5c201be6e44", size = 27697, upload-time = "2022-10-25T02:36:22.414Z" }
wheels = [
    { url = "https://files.pythonhosted.org/packages/d1/d6/3965ed04c63042e047cb6a3e6ed1a63a35087b6a609aa3a15ed8ac56c221/colorama-0.4.6-py2.py3-none-any.whl", hash = "sha256:4f1d9991f5acc0ca119f9d443620b77f9d6b33703e51011c16baf57afb285fc6", size = 25335, upload-time = "2022-10-25T02:36:20.889Z" },
]

[[package]]
name = "docs-kit"
version = "0.3.0"
source = { editable = "." }
dependencies = [
    { name = "typer" },
]

[package.dev-dependencies]
dev = [
    { name = "pytest" },
    { name = "usage-spec-typer" },
]

[package.metadata]
requires-dist = [{ name = "typer", specifier = ">=0.27.0" }]

[package.metadata.requires-dev]
dev = [
    { name = "pytest", specifier = ">=9.1.1" },
    { name = "usage-spec-typer", specifier = ">=1.2.1" },
]

[[package]]
name = "iniconfig"
version = "2.3.0"
source = { registry = "https://pypi.org/simple" }
sdist = { url = "https://files.pythonhosted.org/packages/72/34/14ca021ce8e5dfedc35312d08ba8bf51fdd999c576889fc2c24cb97f4f10/iniconfig-2.3.0.tar.gz", hash = "sha256:c76315c77db068650d49c5b56314774a7804df16fee4402c1f19d6d15d8c4730", size = 20503, upload-time = "2025-10-18T21:55:43.219Z" }
wheels = [
    { url = "https://files.pythonhosted.org/packages/cb/b1/3846dd7f199d53cb17f49cba7e651e9ce294d8497c8c150530ed11865bb8/iniconfig-2.3.0-py3-none-any.whl", hash = "sha256:f631c04d2c48c52b84d0d0549c99ff3859c98df65b3101406327ecc7d53fbf12", size = 7484, upload-time = "2025-10-18T21:55:41.639Z" },
]

[[package]]
name = "markdown-it-py"
version = "4.2.0"
source = { registry = "https://pypi.org/simple" }
dependencies = [
    { name = "mdurl" },
]
sdist = { url = "https://files.pythonhosted.org/packages/06/ff/7841249c247aa650a76b9ee4bbaeae59370dc8bfd2f6c01f3630c35eb134/markdown_it_py-4.2.0.tar.gz", hash = "sha256:04a21681d6fbb623de53f6f364d352309d4094dd4194040a10fd51833e418d49", size = 82454, upload-time = "2026-05-07T12:08:28.36Z" }
wheels = [
    { url = "https://files.pythonhosted.org/packages/b3/81/4da04ced5a082363ecfa159c010d200ecbd959ae410c10c0264a38cac0f5/markdown_it_py-4.2.0-py3-none-any.whl", hash = "sha256:9f7ebbcd14fe59494226453aed97c1070d83f8d24b6fc3a3bcf9a38092641c4a", size = 91687, upload-time = "2026-05-07T12:08:27.182Z" },
]

[[package]]
name = "mdurl"
version = "0.1.2"
source = { registry = "https://pypi.org/simple" }
sdist = { url = "https://files.pythonhosted.org/packages/d6/54/cfe61301667036ec958cb99bd3efefba235e65cdeb9c84d24a8293ba1d90/mdurl-0.1.2.tar.gz", hash = "sha256:bb413d29f5eea38f31dd4754dd7377d4465116fb207585f97bf925588687c1ba", size = 8729, upload-time = "2022-08-14T12:40:10.846Z" }
wheels = [
    { url = "https://files.pythonhosted.org/packages/b3/38/89ba8ad64ae25be8de66a6d463314cf1eb366222074cfda9ee839c56a4b4/mdurl-0.1.2-py3-none-any.whl", hash = "sha256:84008a41e51615a49fc9966191ff91509e3c40b939176e643fd50a5c2196b8f8", size = 9979, upload-time = "2022-08-14T12:40:09.779Z" },
]

[[package]]
name = "packaging"
version = "26.3"
source = { registry = "https://pypi.org/simple" }
sdist = { url = "https://files.pythonhosted.org/packages/7d/fa/3944b40b07da9ce895c0e6303a5ab7d53da063554f534556b134a54d6093/packaging-26.3.tar.gz", hash = "sha256:94edc256424af38762eb31306eed28beb9f0efc50a8837492c9d6fd6004aed79", size = 313412, upload-time = "2026-08-04T18:15:28.737Z" }
wheels = [
    { url = "https://files.pythonhosted.org/packages/63/34/ba1c580383c9eada3711951fef0795c80b829a078d72188184bcab9dd527/packaging-26.3-py3-none-any.whl", hash = "sha256:d7193f7c8e4e93f444fde0262bf90af30e16fa0ad0ad44cb553c87339b23cd1c", size = 129956, upload-time = "2026-08-04T18:15:27.159Z" },
]

[[package]]
name = "pluggy"
version = "1.6.0"
source = { registry = "https://pypi.org/simple" }
sdist = { url = "https://files.pythonhosted.org/packages/f9/e2/3e91f31a7d2b083fe6ef3fa267035b518369d9511ffab804f839851d2779/pluggy-1.6.0.tar.gz", hash = "sha256:7dcc130b76258d33b90f61b658791dede3486c3e6bfb003ee5c9bfb396dd22f3", size = 69412, upload-time = "2025-05-15T12:30:07.975Z" }
wheels = [
    { url = "https://files.pythonhosted.org/packages/54/20/4d324d65cc6d9205fabedc306948156824eb9f0ee1633355a8f7ec5c66bf/pluggy-1.6.0-py3-none-any.whl", hash = "sha256:e920276dd6813095e9377c0bc5566d94c932c33b27a3e3945d8389c374dd4746", size = 20538, upload-time = "2025-05-15T12:30:06.134Z" },
]

[[package]]
name = "pygments"
version = "2.21.0"
source = { registry = "https://pypi.org/simple" }
sdist = { url = "https://files.pythonhosted.org/packages/49/2e/ced460408999b33da6b31b0021b0f37d329e202d4169aeb164493778f25b/pygments-2.21.0.tar.gz", hash = "sha256:610ca751c9bc2492b38eb9a38a7fbc93edbbb2d7182edaf34e66ae493dee5c8c", size = 5005329, upload-time = "2026-08-17T08:02:48.824Z" }
wheels = [
    { url = "https://files.pythonhosted.org/packages/71/46/17f022dd3e953bf20a04a028a21ec746d942f8d2af30fa0f124fa0e6a684/pygments-2.21.0-py3-none-any.whl", hash = "sha256:2363c69b61c4a97c838da3b130dcd6468f4848992b21a82f2a63ec34377137d9", size = 1250147, upload-time = "2026-08-17T08:02:44.912Z" },
]

[[package]]
name = "pytest"
version = "9.1.1"
source = { registry = "https://pypi.org/simple" }
dependencies = [
    { name = "colorama", marker = "sys_platform == 'win32'" },
    { name = "iniconfig" },
    { name = "packaging" },
    { name = "pluggy" },
    { name = "pygments" },
]
sdist = { url = "https://files.pythonhosted.org/packages/e4/47/b9efed96c114afcfa3c9d3fe98a76a1d14c74a9e266d397cf6eb64be5e01/pytest-9.1.1.tar.gz", hash = "sha256:1088fbde8f2b49d95a549a195707afa7a76a3ce9bcadc26b6d71f0ffda5fe313", size = 1636369, upload-time = "2026-06-19T10:58:32.857Z" }
wheels = [
    { url = "https://files.pythonhosted.org/packages/24/25/1de2678b631f5a49215c6c96fff41ba892b0a34df68d6d80292b1b48aa7f/pytest-9.1.1-py3-none-any.whl", hash = "sha256:37a86b45efb9a47a61a36449063e8e18d0cab3161329fc099eb21783169c4f0c", size = 386536, upload-time = "2026-06-19T10:58:31.347Z" },
]

[[package]]
name = "rich"
version = "15.0.0"
source = { registry = "https://pypi.org/simple" }
dependencies = [
    { name = "markdown-it-py" },
    { name = "pygments" },
]
sdist = { url = "https://files.pythonhosted.org/packages/c0/8f/0722ca900cc807c13a6a0c696dacf35430f72e0ec571c4275d2371fca3e9/rich-15.0.0.tar.gz", hash = "sha256:edd07a4824c6b40189fb7ac9bc4c52536e9780fbbfbddf6f1e2502c31b068c36", size = 230680, upload-time = "2026-04-12T08:24:00.75Z" }
wheels = [
    { url = "https://files.pythonhosted.org/packages/82/3b/64d4899d73f91ba49a8c18a8ff3f0ea8f1c1d75481760df8c68ef5235bf5/rich-15.0.0-py3-none-any.whl", hash = "sha256:33bd4ef74232fb73fe9279a257718407f169c09b78a87ad3d296f548e27de0bb", size = 310654, upload-time = "2026-04-12T08:24:02.83Z" },
]

[[package]]
name = "shellingham"
version = "1.5.4"
source = { registry = "https://pypi.org/simple" }
sdist = { url = "https://files.pythonhosted.org/packages/58/15/8b3609fd3830ef7b27b655beb4b4e9c62313a4e8da8c676e142cc210d58e/shellingham-1.5.4.tar.gz", hash = "sha256:8dbca0739d487e5bd35ab3ca4b36e11c4078f3a234bfce294b0a0291363404de", size = 10310, upload-time = "2023-10-24T04:13:40.426Z" }
wheels = [
    { url = "https://files.pythonhosted.org/packages/e0/f9/0595336914c5619e5f28a1fb793285925a8cd4b432c9da0a987836c7f822/shellingham-1.5.4-py2.py3-none-any.whl", hash = "sha256:7ecfff8f2fd72616f7481040475a65b2bf8af90a56c89140852d1120324e8686", size = 9755, upload-time = "2023-10-24T04:13:38.866Z" },
]

[[package]]
name = "typer"
version = "0.27.2"
source = { registry = "https://pypi.org/simple" }
dependencies = [
    { name = "annotated-doc" },
    { name = "colorama", marker = "sys_platform == 'win32'" },
    { name = "rich" },
    { name = "shellingham" },
]
sdist = { url = "https://files.pythonhosted.org/packages/16/f7/57713ba479fd405eb76de31404b2c744c289e336b2d999511ebf51e496f7/typer-0.27.2.tar.gz", hash = "sha256:269b7eb9d3c202ca84b4bc9618cb04ebb43d3d4d1e567e4c768607232c05f945", size = 204045, upload-time = "2026-08-28T10:26:55.046Z" }
wheels = [
    { url = "https://files.pythonhosted.org/packages/dc/bf/205d0004930ede8f542fb58f601526fccf4ae7626075ca1e6c4de5d3d652/typer-0.27.2-py3-none-any.whl", hash = "sha256:b3a5fc4342d5fc8fda8fc3010b1cf117e9249aab7fae800c2eff62fd3842d97d", size = 123130, upload-time = "2026-08-28T10:26:53.752Z" },
]

[[package]]
name = "usage-spec"
version = "1.2.0"
source = { registry = "https://pypi.org/simple" }
dependencies = [
    { name = "ckdl" },
]
sdist = { url = "https://files.pythonhosted.org/packages/c4/98/03cee6cd613da11ef56b828bcb26d03d5e8abeba4ae16c897cbb91621f77/usage_spec-1.2.0.tar.gz", hash = "sha256:0cb27581d79e0c3299c956642957e724838dad3ba9faeb7164a5a1e6daf7b30a", size = 5188, upload-time = "2026-06-06T14:17:54.165Z" }
wheels = [
    { url = "https://files.pythonhosted.org/packages/f7/47/1a4c3f9093fb28e6d0586fb2f7502f02d1d77d0c80508ffb206542327668/usage_spec-1.2.0-py3-none-any.whl", hash = "sha256:7df71345ce2de0547ff145b53d3a14f7336bb2728784beff1ea8f728f192a78c", size = 4778, upload-time = "2026-06-06T14:17:53.102Z" },
]

[[package]]
name = "usage-spec-click"
version = "1.2.1"
source = { registry = "https://pypi.org/simple" }
dependencies = [
    { name = "click" },
    { name = "usage-spec" },
]
sdist = { url = "https://files.pythonhosted.org/packages/b6/d1/10ebb9aaf73cde7382726f7dffd2c406818967f08d278287ed6d1da87ff8/usage_spec_click-1.2.1.tar.gz", hash = "sha256:8fa8697c9ced0e659782767bb7c9fc1580cec10eb8fc4e4d54ac0640b43c9405", size = 7426, upload-time = "2026-08-06T18:06:57.011Z" }
wheels = [
    { url = "https://files.pythonhosted.org/packages/d3/c3/c62fddb1d54c5895768000a0ea0793f08692278efab4432770a0e931601b/usage_spec_click-1.2.1-py3-none-any.whl", hash = "sha256:b16e9d3a2c43dd0f827f65db68c088fd8d299dcdcd0b4cb24514b22587d0fc12", size = 4433, upload-time = "2026-08-06T18:06:55.694Z" },
]

[[package]]
name = "usage-spec-typer"
version = "1.2.1"
source = { registry = "https://pypi.org/simple" }
dependencies = [
    { name = "typer" },
    { name = "usage-spec" },
    { name = "usage-spec-click" },
]
sdist = { url = "https://files.pythonhosted.org/packages/e1/ca/1293f42ad68eada42ae6234be5b34a07f4fc0b43ec8f1032e3c63cd0e9f8/usage_spec_typer-1.2.1.tar.gz", hash = "sha256:8ebf66f5835308ea5199b8d5f26a6fac77267f550eb69ab4167799828f8ab654", size = 7485, upload-time = "2026-08-06T18:07:02.423Z" }
wheels = [
    { url = "https://files.pythonhosted.org/packages/15/d1/c800362361f77da6a65d90d159e3157ba2fd8f2c3ccaeea399bf7ea79d1e/usage_spec_typer-1.2.1-py3-none-any.whl", hash = "sha256:4683b0ac37ed5e359336a16ad1f63fb710369f917ec1baad798bdcb0aa7593cf", size = 4665, upload-time = "2026-08-06T18:07:01.262Z" },
]
